
Microsoft Visual Studio Solution File, Format Version 12.00
Project("{FAE04EC0-301F-11D3-BF4B-00C04F79EFBC}") = "BadAppleCumcordServer", "BadAppleCumcordServer\BadAppleCumcordServer.csproj", "{6AD8BE19-168A-48BD-B0A4-F0ECC0B2E324}"
EndProject
Global
	GlobalSection(SolutionConfigurationPlatforms) = preSolution
		Debug|Any CPU = Debug|Any CPU
		Release|Any CPU = Release|Any CPU
	EndGlobalSection
	GlobalSection(ProjectConfigurationPlatforms) = postSolution
		{6AD8BE19-168A-48BD-B0A4-F0ECC0B2E324}.Debug|Any CPU.ActiveCfg = Debug|Any CPU
		{6AD8BE19-168A-48BD-B0A4-F0ECC0B2E324}.Debug|Any CPU.Build.0 = Debug|Any CPU
		{6AD8BE19-168A-48BD-B0A4-F0ECC0B2E324}.Release|Any CPU.ActiveCfg = Release|Any CPU
		{6AD8BE19-168A-48BD-B0A4-F0ECC0B2E324}.Release|Any CPU.Build.0 = Release|Any CPU
	EndGlobalSection
EndGlobal
